
Microsoft Visual Studio Solution File, Format Version 12.00
# Visual Studio Version 17
VisualStudioVersion = 17.5.33627.172
MinimumVisualStudioVersion = 10.0.40219.1
Project("{9A19103F-16F7-4668-BE54-9A1E7A4F7556}") = "WebAPI", "WebAPI\WebAPI.csproj", "{0BBEF97D-9ED6-4BAD-829F-9F31C1C11109}"
EndProject
Project("{9A19103F-16F7-4668-BE54-9A1E7A4F7556}") = "DataContext", "DataContext\DataContext.csproj", "{22F3FA64-529F-4C55-81DD-521C62AEE287}"
EndProject
Project("{54A90642-561A-4BB1-A94E-469ADEE60C69}") = "WebUI", "WebUI\WebUI.esproj", "{38479154-52FE-42CF-BA69-3F69C23E86BB}"
EndProject
Project("{00D1A9C2-B5F0-4AF3-8072-F6C62B433612}") = "SupplierDatabase", "SupplierDatabase\SupplierDatabase.sqlproj", "{A1A1212A-4D36-4FC9-B632-7CB683E5C3F3}"
EndProject
Global
	GlobalSection(SolutionConfigurationPlatforms) = preSolution
		Debug|Any CPU = Debug|Any CPU
		Release|Any CPU = Release|Any CPU
		Test|Any CPU = Test|Any CPU
	EndGlobalSection
	GlobalSection(ProjectConfigurationPlatforms) = postSolution
		{0BBEF97D-9ED6-4BAD-829F-9F31C1C11109}.Debug|Any CPU.ActiveCfg = Debug|Any CPU
		{0BBEF97D-9ED6-4BAD-829F-9F31C1C11109}.Debug|Any CPU.Build.0 = Debug|Any CPU
		{0BBEF97D-9ED6-4BAD-829F-9F31C1C11109}.Release|Any CPU.ActiveCfg = Release|Any CPU
		{0BBEF97D-9ED6-4BAD-829F-9F31C1C11109}.Release|Any CPU.Build.0 = Release|Any CPU
		{0BBEF97D-9ED6-4BAD-829F-9F31C1C11109}.Test|Any CPU.ActiveCfg = Test|Any CPU
		{0BBEF97D-9ED6-4BAD-829F-9F31C1C11109}.Test|Any CPU.Build.0 = Test|Any CPU
		{22F3FA64-529F-4C55-81DD-521C62AEE287}.Debug|Any CPU.ActiveCfg = Debug|Any CPU
		{22F3FA64-529F-4C55-81DD-521C62AEE287}.Debug|Any CPU.Build.0 = Debug|Any CPU
		{22F3FA64-529F-4C55-81DD-521C62AEE287}.Release|Any CPU.ActiveCfg = Release|Any CPU
		{22F3FA64-529F-4C55-81DD-521C62AEE287}.Release|Any CPU.Build.0 = Release|Any CPU
		{22F3FA64-529F-4C55-81DD-521C62AEE287}.Test|Any CPU.ActiveCfg = Test|Any CPU
		{22F3FA64-529F-4C55-81DD-521C62AEE287}.Test|Any CPU.Build.0 = Test|Any CPU
		{38479154-52FE-42CF-BA69-3F69C23E86BB}.Debug|Any CPU.ActiveCfg = Debug|Any CPU
		{38479154-52FE-42CF-BA69-3F69C23E86BB}.Debug|Any CPU.Build.0 = Debug|Any CPU
		{38479154-52FE-42CF-BA69-3F69C23E86BB}.Debug|Any CPU.Deploy.0 = Debug|Any CPU
		{38479154-52FE-42CF-BA69-3F69C23E86BB}.Release|Any CPU.ActiveCfg = Release|Any CPU
		{38479154-52FE-42CF-BA69-3F69C23E86BB}.Release|Any CPU.Build.0 = Release|Any CPU
		{38479154-52FE-42CF-BA69-3F69C23E86BB}.Release|Any CPU.Deploy.0 = Release|Any CPU
		{38479154-52FE-42CF-BA69-3F69C23E86BB}.Test|Any CPU.ActiveCfg = Test|Any CPU
		{38479154-52FE-42CF-BA69-3F69C23E86BB}.Test|Any CPU.Deploy.0 = Test|Any CPU
		{A1A1212A-4D36-4FC9-B632-7CB683E5C3F3}.Debug|Any CPU.ActiveCfg = Debug|Any CPU
		{A1A1212A-4D36-4FC9-B632-7CB683E5C3F3}.Debug|Any CPU.Build.0 = Debug|Any CPU
		{A1A1212A-4D36-4FC9-B632-7CB683E5C3F3}.Debug|Any CPU.Deploy.0 = Debug|Any CPU
		{A1A1212A-4D36-4FC9-B632-7CB683E5C3F3}.Release|Any CPU.ActiveCfg = Release|Any CPU
		{A1A1212A-4D36-4FC9-B632-7CB683E5C3F3}.Release|Any CPU.Build.0 = Release|Any CPU
		{A1A1212A-4D36-4FC9-B632-7CB683E5C3F3}.Release|Any CPU.Deploy.0 = Release|Any CPU
		{A1A1212A-4D36-4FC9-B632-7CB683E5C3F3}.Test|Any CPU.ActiveCfg = Release|Any CPU
		{A1A1212A-4D36-4FC9-B632-7CB683E5C3F3}.Test|Any CPU.Build.0 = Release|Any CPU
		{A1A1212A-4D36-4FC9-B632-7CB683E5C3F3}.Test|Any CPU.Deploy.0 = Release|Any CPU
	EndGlobalSection
	GlobalSection(SolutionProperties) = preSolution
		HideSolutionNode = FALSE
	EndGlobalSection
	GlobalSection(ExtensibilityGlobals) = postSolution
		SolutionGuid = {2DCDFBA0-22DB-4E76-A018-70709D8D82CB}
	EndGlobalSection
EndGlobal
